
Microsoft Visual Studio Solution File, Format Version 12.00
# Visual Studio Version 16
VisualStudioVersion = 16.0.29411.108
MinimumVisualStudioVersion = 10.0.40219.1
Project("{FAE04EC0-301F-11D3-BF4B-00C04F79EFBC}") = "FamilyTree.ApplicationCore", "FamilyTree.ApplicationCore\FamilyTree.ApplicationCore.csproj", "{387A4176-D4F5-4775-97BB-46944CCB2E06}"
EndProject
Project("{FAE04EC0-301F-11D3-BF4B-00C04F79EFBC}") = "FamilyTree.Data", "FamilyTree.Data\FamilyTree.Data.csproj", "{5B4B72ED-A751-4FB8-9430-49FC7A91FBE1}"
EndProject
Project("{FAE04EC0-301F-11D3-BF4B-00C04F79EFBC}") = "FamilyTree.Web", "FamilyTree.Web\FamilyTree.Web.csproj", "{8E1F9D04-9208-4671-89B2-8CFA971A9987}"
EndProject
Project("{FAE04EC0-301F-11D3-BF4B-00C04F79EFBC}") = "UnitTests", "UnitTests\UnitTests.csproj", "{7850E707-DAB0-4348-84BC-4A8D653F2CEE}"
EndProject
Global
	GlobalSection(SolutionConfigurationPlatforms) = preSolution
		Debug|Any CPU = Debug|Any CPU
		Release|Any CPU = Release|Any CPU
	EndGlobalSection
	GlobalSection(ProjectConfigurationPlatforms) = postSolution
		{387A4176-D4F5-4775-97BB-46944CCB2E06}.Debug|Any CPU.ActiveCfg = Debug|Any CPU
		{387A4176-D4F5-4775-97BB-46944CCB2E06}.Debug|Any CPU.Build.0 = Debug|Any CPU
		{387A4176-D4F5-4775-97BB-46944CCB2E06}.Release|Any CPU.ActiveCfg = Release|Any CPU
		{387A4176-D4F5-4775-97BB-46944CCB2E06}.Release|Any CPU.Build.0 = Release|Any CPU
		{5B4B72ED-A751-4FB8-9430-49FC7A91FBE1}.Debug|Any CPU.ActiveCfg = Debug|Any CPU
		{5B4B72ED-A751-4FB8-9430-49FC7A91FBE1}.Debug|Any CPU.Build.0 = Debug|Any CPU
		{5B4B72ED-A751-4FB8-9430-49FC7A91FBE1}.Release|Any CPU.ActiveCfg = Release|Any CPU
		{5B4B72ED-A751-4FB8-9430-49FC7A91FBE1}.Release|Any CPU.Build.0 = Release|Any CPU
		{8E1F9D04-9208-4671-89B2-8CFA971A9987}.Debug|Any CPU.ActiveCfg = Debug|Any CPU
		{8E1F9D04-9208-4671-89B2-8CFA971A9987}.Debug|Any CPU.Build.0 = Debug|Any CPU
		{8E1F9D04-9208-4671-89B2-8CFA971A9987}.Release|Any CPU.ActiveCfg = Release|Any CPU
		{8E1F9D04-9208-4671-89B2-8CFA971A9987}.Release|Any CPU.Build.0 = Release|Any CPU
		{7850E707-DAB0-4348-84BC-4A8D653F2CEE}.Debug|Any CPU.ActiveCfg = Debug|Any CPU
		{7850E707-DAB0-4348-84BC-4A8D653F2CEE}.Debug|Any CPU.Build.0 = Debug|Any CPU
		{7850E707-DAB0-4348-84BC-4A8D653F2CEE}.Release|Any CPU.ActiveCfg = Release|Any CPU
		{7850E707-DAB0-4348-84BC-4A8D653F2CEE}.Release|Any CPU.Build.0 = Release|Any CPU
	EndGlobalSection
	GlobalSection(SolutionProperties) = preSolution
		HideSolutionNode = FALSE
	EndGlobalSection
	GlobalSection(ExtensibilityGlobals) = postSolution
		SolutionGuid = {B495EF0A-5B27-42E5-B14F-C38C8EEF0F56}
	EndGlobalSection
EndGlobal
